PODS:
  - Alamofire (4.6.0)
  - KeychainSwift (10.0.0)
  - Kingfisher (4.6.1)
  - PieCharts (0.0.5)
  - SwiftHEXColors (1.1.1)
  - SwiftyJSON (4.0.0)
  - SwiftyVK (3.1.2)

DEPENDENCIES:
  - Alamofire (~> 4.5)
  - KeychainSwift (~> 10.0)
  - Kingfisher (~> 4.0)
  - PieCharts
  - SwiftHEXColors
  - SwiftyJSON
  - SwiftyVK

SPEC CHECKSUMS:
  Alamofire: f41a599bd63041760b26d393ec1069d9d7b917f4
  KeychainSwift: f9f7910449a0c0fd2cabc889121530dd2c477c33
  Kingfisher: 1f9157d9c02b380cbd0b7cc890161195164eb634
  PieCharts: a0fb4784a3460088c8ba7dfb00b89784ddaa7e70
  SwiftHEXColors: 9681e756dc78a99ae97f277165b3f5e33b087553
  SwiftyJSON: 070dabdcb1beb81b247c65ffa3a79dbbfb3b48aa
  SwiftyVK: b32b7587c208f5d74527d686296f8d6c58436f8f

PODFILE CHECKSUM: 244629efee1bf0b051997fc95d9afd19ba7de541

COCOAPODS: 1.3.1
