// !$*UTF8*$!
{
	archiveVersion = 1;
	classes = {
	};
	objectVersion = 48;
	objects = {

/* Begin PBXBuildFile section */
		1AF2FAC9F9B64986026043F3 /* Pods_Voting2018UITests.framework in Frameworks */ = {isa = PBXBuildFile; fileRef = FC83B9203558047742786596 /* Pods_Voting2018UITests.framework */; };
		C766ACA3200BFEFC008EB0DE /* AppDelegate.swift in Sources */ = {isa = PBXBuildFile; fileRef = C766ACA2200BFEFC008EB0DE /* AppDelegate.swift */; };
		C766ACAA200BFEFC008EB0DE /* Assets.xcassets in Resources */ = {isa = PBXBuildFile; fileRef = C766ACA9200BFEFC008EB0DE /* Assets.xcassets */; };
		C766ACAD200BFEFC008EB0DE /* LaunchScreen.storyboard in Resources */ = {isa = PBXBuildFile; fileRef = C766ACAB200BFEFC008EB0DE /* LaunchScreen.storyboard */; };
		C766ACB8200BFEFC008EB0DE /* Voting2018UITests.swift in Sources */ = {isa = PBXBuildFile; fileRef = C766ACB7200BFEFC008EB0DE /* Voting2018UITests.swift */; };
		C766ACC6200C01DD008EB0DE /* Authorization.storyboard in Resources */ = {isa = PBXBuildFile; fileRef = C766ACC5200C01DD008EB0DE /* Authorization.storyboard */; };
		C766ACC8200C0277008EB0DE /* AuthStartVC.swift in Sources */ = {isa = PBXBuildFile; fileRef = C766ACC7200C0277008EB0DE /* AuthStartVC.swift */; };
		C766ACCB200C0377008EB0DE /* ScreensManager.swift in Sources */ = {isa = PBXBuildFile; fileRef = C766ACCA200C0377008EB0DE /* ScreensManager.swift */; };
		C773CAB2200E5B180048C952 /* VKDelegate.swift in Sources */ = {isa = PBXBuildFile; fileRef = C773CAB1200E5B180048C952 /* VKDelegate.swift */; };
		C773CAB5200E666E0048C952 /* NetworkManager.swift in Sources */ = {isa = PBXBuildFile; fileRef = C773CAB4200E666E0048C952 /* NetworkManager.swift */; };
		C773CAB8200E68130048C952 /* NetworkDataStructs.swift in Sources */ = {isa = PBXBuildFile; fileRef = C773CAB7200E68130048C952 /* NetworkDataStructs.swift */; };
		C773CABB200E6F540048C952 /* Main.storyboard in Resources */ = {isa = PBXBuildFile; fileRef = C773CABA200E6F540048C952 /* Main.storyboard */; };
		C773CABE200E6FD90048C952 /* CandidatesSelectionCVC.swift in Sources */ = {isa = PBXBuildFile; fileRef = C773CABD200E6FD90048C952 /* CandidatesSelectionCVC.swift */; };
		C773CAC1200E72CC0048C952 /* CandidatesSelectionCVCell.swift in Sources */ = {isa = PBXBuildFile; fileRef = C773CAC0200E72CC0048C952 /* CandidatesSelectionCVCell.swift */; };
		C79FA2FE20139A8E00394582 /* OverallStatisticsVC.swift in Sources */ = {isa = PBXBuildFile; fileRef = C79FA2FD20139A8E00394582 /* OverallStatisticsVC.swift */; };
		E4DE9FE1706D7AE3BE3FF2BA /* Pods_Voting2018.framework in Frameworks */ = {isa = PBXBuildFile; fileRef = 3849E653848B1BC45AC04B50 /* Pods_Voting2018.framework */; };
/* End PBXBuildFile section */

/* Begin PBXContainerItemProxy section */
		C766ACB4200BFEFC008EB0DE /* PBXContainerItemProxy */ = {
			isa = PBXContainerItemProxy;
			containerPortal = C766AC97200BFEFC008EB0DE /* Project object */;
			proxyType = 1;
			remoteGlobalIDString = C766AC9E200BFEFC008EB0DE;
			remoteInfo = Voting2018;
		};
/* End PBXContainerItemProxy section */

/* Begin PBXFileReference section */
		3849E653848B1BC45AC04B50 /* Pods_Voting2018.framework */ = {isa = PBXFileReference; explicitFileType = wrapper.framework; includeInIndex = 0; path = Pods_Voting2018.framework; sourceTree = BUILT_PRODUCTS_DIR; };
		52A1C3FB209D946F06739E52 /* Pods-Voting2018.debug.xcconfig */ = {isa = PBXFileReference; includeInIndex = 1; lastKnownFileType = text.xcconfig; name = "Pods-Voting2018.debug.xcconfig"; path = "Pods/Target Support Files/Pods-Voting2018/Pods-Voting2018.debug.xcconfig"; sourceTree = "<group>"; };
		61C60E31792F8F07E7123D0E /* Pods-Voting2018.release.xcconfig */ = {isa = PBXFileReference; includeInIndex = 1; lastKnownFileType = text.xcconfig; name = "Pods-Voting2018.release.xcconfig"; path = "Pods/Target Support Files/Pods-Voting2018/Pods-Voting2018.release.xcconfig"; sourceTree = "<group>"; };
		6D8021DAE8469B705E947426 /* Pods-Voting2018UITests.release.xcconfig */ = {isa = PBXFileReference; includeInIndex = 1; lastKnownFileType = text.xcconfig; name = "Pods-Voting2018UITests.release.xcconfig"; path = "Pods/Target Support Files/Pods-Voting2018UITests/Pods-Voting2018UITests.release.xcconfig"; sourceTree = "<group>"; };
		A32FC1BDB151857FF21EDCA6 /* Pods-Voting2018UITests.debug.xcconfig */ = {isa = PBXFileReference; includeInIndex = 1; lastKnownFileType = text.xcconfig; name = "Pods-Voting2018UITests.debug.xcconfig"; path = "Pods/Target Support Files/Pods-Voting2018UITests/Pods-Voting2018UITests.debug.xcconfig"; sourceTree = "<group>"; };
		C766AC9F200BFEFC008EB0DE /* Voting2018.app */ = {isa = PBXFileReference; explicitFileType = wrapper.application; includeInIndex = 0; path = Voting2018.app; sourceTree = BUILT_PRODUCTS_DIR; };
		C766ACA2200BFEFC008EB0DE /* AppDelegate.swift */ = {isa = PBXFileReference; lastKnownFileType = sourcecode.swift; path = AppDelegate.swift; sourceTree = "<group>"; };
		C766ACA9200BFEFC008EB0DE /* Assets.xcassets */ = {isa = PBXFileReference; lastKnownFileType = folder.assetcatalog; path = Assets.xcassets; sourceTree = "<group>"; };
		C766ACAC200BFEFC008EB0DE /* Base */ = {isa = PBXFileReference; lastKnownFileType = file.storyboard; name = Base; path = Base.lproj/LaunchScreen.storyboard; sourceTree = "<group>"; };
		C766ACAE200BFEFC008EB0DE /* Info.plist */ = {isa = PBXFileReference; lastKnownFileType = text.plist.xml; path = Info.plist; sourceTree = "<group>"; };
		C766ACB3200BFEFC008EB0DE /* Voting2018UITests.xctest */ = {isa = PBXFileReference; explicitFileType = wrapper.cfbundle; includeInIndex = 0; path = Voting2018UITests.xctest; sourceTree = BUILT_PRODUCTS_DIR; };
		C766ACB7200BFEFC008EB0DE /* Voting2018UITests.swift */ = {isa = PBXFileReference; lastKnownFileType = sourcecode.swift; path = Voting2018UITests.swift; sourceTree = "<group>"; };
		C766ACB9200BFEFC008EB0DE /* Info.plist */ = {isa = PBXFileReference; lastKnownFileType = text.plist.xml; path = Info.plist; sourceTree = "<group>"; };
		C766ACC5200C01DD008EB0DE /* Authorization.storyboard */ = {isa = PBXFileReference; lastKnownFileType = file.storyboard; path = Authorization.storyboard; sourceTree = "<group>"; };
		C766ACC7200C0277008EB0DE /* AuthStartVC.swift */ = {isa = PBXFileReference; lastKnownFileType = sourcecode.swift; path = AuthStartVC.swift; sourceTree = "<group>"; };
		C766ACCA200C0377008EB0DE /* ScreensManager.swift */ = {isa = PBXFileReference; lastKnownFileType = sourcecode.swift; path = ScreensManager.swift; sourceTree = "<group>"; };
		C773CAB1200E5B180048C952 /* VKDelegate.swift */ = {isa = PBXFileReference; fileEncoding = 4; lastKnownFileType = sourcecode.swift; path = VKDelegate.swift; sourceTree = "<group>"; };
		C773CAB4200E666E0048C952 /* NetworkManager.swift */ = {isa = PBXFileReference; lastKnownFileType = sourcecode.swift; path = NetworkManager.swift; sourceTree = "<group>"; };
		C773CAB7200E68130048C952 /* NetworkDataStructs.swift */ = {isa = PBXFileReference; lastKnownFileType = sourcecode.swift; path = NetworkDataStructs.swift; sourceTree = "<group>"; };
		C773CABA200E6F540048C952 /* Main.storyboard */ = {isa = PBXFileReference; lastKnownFileType = file.storyboard; path = Main.storyboard; sourceTree = "<group>"; };
		C773CABD200E6FD90048C952 /* CandidatesSelectionCVC.swift */ = {isa = PBXFileReference; lastKnownFileType = sourcecode.swift; path = CandidatesSelectionCVC.swift; sourceTree = "<group>"; };
		C773CAC0200E72CC0048C952 /* CandidatesSelectionCVCell.swift */ = {isa = PBXFileReference; lastKnownFileType = sourcecode.swift; path = CandidatesSelectionCVCell.swift; sourceTree = "<group>"; };
		C79FA2FD20139A8E00394582 /* OverallStatisticsVC.swift */ = {isa = PBXFileReference; lastKnownFileType = sourcecode.swift; path = OverallStatisticsVC.swift; sourceTree = "<group>"; };
		FC83B9203558047742786596 /* Pods_Voting2018UITests.framework */ = {isa = PBXFileReference; explicitFileType = wrapper.framework; includeInIndex = 0; path = Pods_Voting2018UITests.framework; sourceTree = BUILT_PRODUCTS_DIR; };
/* End PBXFileReference section */

/* Begin PBXFrameworksBuildPhase section */
		C766AC9C200BFEFC008EB0DE /* Frameworks */ = {
			isa = PBXFrameworksBuildPhase;
			buildActionMask = 2147483647;
			files = (
				E4DE9FE1706D7AE3BE3FF2BA /* Pods_Voting2018.framework in Frameworks */,
			);
			runOnlyForDeploymentPostprocessing = 0;
		};
		C766ACB0200BFEFC008EB0DE /* Frameworks */ = {
			isa = PBXFrameworksBuildPhase;
			buildActionMask = 2147483647;
			files = (
				1AF2FAC9F9B64986026043F3 /* Pods_Voting2018UITests.framework in Frameworks */,
			);
			runOnlyForDeploymentPostprocessing = 0;
		};
/* End PBXFrameworksBuildPhase section */

/* Begin PBXGroup section */
		7C1DB4E825590ADE10110531 /* Pods */ = {
			isa = PBXGroup;
			children = (
				52A1C3FB209D946F06739E52 /* Pods-Voting2018.debug.xcconfig */,
				61C60E31792F8F07E7123D0E /* Pods-Voting2018.release.xcconfig */,
				A32FC1BDB151857FF21EDCA6 /* Pods-Voting2018UITests.debug.xcconfig */,
				6D8021DAE8469B705E947426 /* Pods-Voting2018UITests.release.xcconfig */,
			);
			name = Pods;
			sourceTree = "<group>";
		};
		C766AC96200BFEFC008EB0DE = {
			isa = PBXGroup;
			children = (
				C766ACA1200BFEFC008EB0DE /* Voting2018 */,
				C766ACB6200BFEFC008EB0DE /* Voting2018UITests */,
				C766ACA0200BFEFC008EB0DE /* Products */,
				7C1DB4E825590ADE10110531 /* Pods */,
				FBADA752DC29A231524DF74B /* Frameworks */,
			);
			sourceTree = "<group>";
		};
		C766ACA0200BFEFC008EB0DE /* Products */ = {
			isa = PBXGroup;
			children = (
				C766AC9F200BFEFC008EB0DE /* Voting2018.app */,
				C766ACB3200BFEFC008EB0DE /* Voting2018UITests.xctest */,
			);
			name = Products;
			sourceTree = "<group>";
		};
		C766ACA1200BFEFC008EB0DE /* Voting2018 */ = {
			isa = PBXGroup;
			children = (
				C766ACA2200BFEFC008EB0DE /* AppDelegate.swift */,
				C766ACC2200C01BB008EB0DE /* Authorization */,
				C773CABA200E6F540048C952 /* Main.storyboard */,
				C773CAB9200E6F440048C952 /* Candidates Selection */,
				C79FA2FA20139A7700394582 /* Overall Statistics */,
				C766ACC9200C0365008EB0DE /* Managers */,
				C766ACA9200BFEFC008EB0DE /* Assets.xcassets */,
				C766ACAB200BFEFC008EB0DE /* LaunchScreen.storyboard */,
				C766ACAE200BFEFC008EB0DE /* Info.plist */,
			);
			path = Voting2018;
			sourceTree = "<group>";
		};
		C766ACB6200BFEFC008EB0DE /* Voting2018UITests */ = {
			isa = PBXGroup;
			children = (
				C766ACB7200BFEFC008EB0DE /* Voting2018UITests.swift */,
				C766ACB9200BFEFC008EB0DE /* Info.plist */,
			);
			path = Voting2018UITests;
			sourceTree = "<group>";
		};
		C766ACC2200C01BB008EB0DE /* Authorization */ = {
			isa = PBXGroup;
			children = (
				C766ACC4200C01D0008EB0DE /* Stroryboard */,
				C766ACC3200C01BB008EB0DE /* View Controllers */,
			);
			path = Authorization;
			sourceTree = "<group>";
		};
		C766ACC3200C01BB008EB0DE /* View Controllers */ = {
			isa = PBXGroup;
			children = (
				C766ACC7200C0277008EB0DE /* AuthStartVC.swift */,
			);
			path = "View Controllers";
			sourceTree = "<group>";
		};
		C766ACC4200C01D0008EB0DE /* Stroryboard */ = {
			isa = PBXGroup;
			children = (
				C766ACC5200C01DD008EB0DE /* Authorization.storyboard */,
			);
			path = Stroryboard;
			sourceTree = "<group>";
		};
		C766ACC9200C0365008EB0DE /* Managers */ = {
			isa = PBXGroup;
			children = (
				C766ACCA200C0377008EB0DE /* ScreensManager.swift */,
				C773CAAF200E5A9A0048C952 /* VKManagers */,
				C773CAB3200E66610048C952 /* Network */,
			);
			path = Managers;
			sourceTree = "<group>";
		};
		C773CAAF200E5A9A0048C952 /* VKManagers */ = {
			isa = PBXGroup;
			children = (
				C773CAB1200E5B180048C952 /* VKDelegate.swift */,
			);
			path = VKManagers;
			sourceTree = "<group>";
		};
		C773CAB3200E66610048C952 /* Network */ = {
			isa = PBXGroup;
			children = (
				C773CAB6200E67FD0048C952 /* Structs */,
				C773CAB4200E666E0048C952 /* NetworkManager.swift */,
			);
			path = Network;
			sourceTree = "<group>";
		};
		C773CAB6200E67FD0048C952 /* Structs */ = {
			isa = PBXGroup;
			children = (
				C773CAB7200E68130048C952 /* NetworkDataStructs.swift */,
			);
			path = Structs;
			sourceTree = "<group>";
		};
		C773CAB9200E6F440048C952 /* Candidates Selection */ = {
			isa = PBXGroup;
			children = (
				C773CABF200E72AC0048C952 /* Views */,
				C773CABC200E6FB00048C952 /* View Controllers */,
			);
			path = "Candidates Selection";
			sourceTree = "<group>";
		};
		C773CABC200E6FB00048C952 /* View Controllers */ = {
			isa = PBXGroup;
			children = (
				C773CABD200E6FD90048C952 /* CandidatesSelectionCVC.swift */,
			);
			path = "View Controllers";
			sourceTree = "<group>";
		};
		C773CABF200E72AC0048C952 /* Views */ = {
			isa = PBXGroup;
			children = (
				C773CAC0200E72CC0048C952 /* CandidatesSelectionCVCell.swift */,
			);
			path = Views;
			sourceTree = "<group>";
		};
		C79FA2FA20139A7700394582 /* Overall Statistics */ = {
			isa = PBXGroup;
			children = (
				C79FA2FB20139A7700394582 /* View Controllers */,
				C79FA2FC20139A7700394582 /* Views */,
			);
			path = "Overall Statistics";
			sourceTree = "<group>";
		};
		C79FA2FB20139A7700394582 /* View Controllers */ = {
			isa = PBXGroup;
			children = (
				C79FA2FD20139A8E00394582 /* OverallStatisticsVC.swift */,
			);
			path = "View Controllers";
			sourceTree = "<group>";
		};
		C79FA2FC20139A7700394582 /* Views */ = {
			isa = PBXGroup;
			children = (
			);
			path = Views;
			sourceTree = "<group>";
		};
		FBADA752DC29A231524DF74B /* Frameworks */ = {
			isa = PBXGroup;
			children = (
				3849E653848B1BC45AC04B50 /* Pods_Voting2018.framework */,
				FC83B9203558047742786596 /* Pods_Voting2018UITests.framework */,
			);
			name = Frameworks;
			sourceTree = "<group>";
		};
/* End PBXGroup section */

/* Begin PBXNativeTarget section */
		C766AC9E200BFEFC008EB0DE /* Voting2018 */ = {
			isa = PBXNativeTarget;
			buildConfigurationList = C766ACBC200BFEFC008EB0DE /* Build configuration list for PBXNativeTarget "Voting2018" */;
			buildPhases = (
				31F36CD631AD98297FF4E6A3 /* [CP] Check Pods Manifest.lock */,
				C766AC9B200BFEFC008EB0DE /* Sources */,
				C766AC9C200BFEFC008EB0DE /* Frameworks */,
				C766AC9D200BFEFC008EB0DE /* Resources */,
				7F2C7975B0D048FA6A2BAC79 /* [CP] Embed Pods Frameworks */,
				15251745A6DD2C4BE3D9E472 /* [CP] Copy Pods Resources */,
			);
			buildRules = (
			);
			dependencies = (
			);
			name = Voting2018;
			productName = Voting2018;
			productReference = C766AC9F200BFEFC008EB0DE /* Voting2018.app */;
			productType = "com.apple.product-type.application";
		};
		C766ACB2200BFEFC008EB0DE /* Voting2018UITests */ = {
			isa = PBXNativeTarget;
			buildConfigurationList = C766ACBF200BFEFC008EB0DE /* Build configuration list for PBXNativeTarget "Voting2018UITests" */;
			buildPhases = (
				25E5E3F42605CDC42F0C1C5D /* [CP] Check Pods Manifest.lock */,
				C766ACAF200BFEFC008EB0DE /* Sources */,
				C766ACB0200BFEFC008EB0DE /* Frameworks */,
				C766ACB1200BFEFC008EB0DE /* Resources */,
				82EA37EBC3A67434798ED3DB /* [CP] Embed Pods Frameworks */,
				48E0DC707D6837C1F9460E5D /* [CP] Copy Pods Resources */,
			);
			buildRules = (
			);
			dependencies = (
				C766ACB5200BFEFC008EB0DE /* PBXTargetDependency */,
			);
			name = Voting2018UITests;
			productName = Voting2018UITests;
			productReference = C766ACB3200BFEFC008EB0DE /* Voting2018UITests.xctest */;
			productType = "com.apple.product-type.bundle.ui-testing";
		};
/* End PBXNativeTarget section */

/* Begin PBXProject section */
		C766AC97200BFEFC008EB0DE /* Project object */ = {
			isa = PBXProject;
			attributes = {
				LastSwiftUpdateCheck = 0920;
				LastUpgradeCheck = 0920;
				ORGANIZATIONNAME = "Andrey Rozhkov";
				TargetAttributes = {
					C766AC9E200BFEFC008EB0DE = {
						CreatedOnToolsVersion = 9.2;
						ProvisioningStyle = Automatic;
					};
					C766ACB2200BFEFC008EB0DE = {
						CreatedOnToolsVersion = 9.2;
						ProvisioningStyle = Automatic;
						TestTargetID = C766AC9E200BFEFC008EB0DE;
					};
				};
			};
			buildConfigurationList = C766AC9A200BFEFC008EB0DE /* Build configuration list for PBXProject "Voting2018" */;
			compatibilityVersion = "Xcode 8.0";
			developmentRegion = en;
			hasScannedForEncodings = 0;
			knownRegions = (
				en,
				Base,
			);
			mainGroup = C766AC96200BFEFC008EB0DE;
			productRefGroup = C766ACA0200BFEFC008EB0DE /* Products */;
			projectDirPath = "";
			projectRoot = "";
			targets = (
				C766AC9E200BFEFC008EB0DE /* Voting2018 */,
				C766ACB2200BFEFC008EB0DE /* Voting2018UITests */,
			);
		};
/* End PBXProject section */

/* Begin PBXResourcesBuildPhase section */
		C766AC9D200BFEFC008EB0DE /* Resources */ = {
			isa = PBXResourcesBuildPhase;
			buildActionMask = 2147483647;
			files = (
				C766ACC6200C01DD008EB0DE /* Authorization.storyboard in Resources */,
				C766ACAD200BFEFC008EB0DE /* LaunchScreen.storyboard in Resources */,
				C766ACAA200BFEFC008EB0DE /* Assets.xcassets in Resources */,
				C773CABB200E6F540048C952 /* Main.storyboard in Resources */,
			);
			runOnlyForDeploymentPostprocessing = 0;
		};
		C766ACB1200BFEFC008EB0DE /* Resources */ = {
			isa = PBXResourcesBuildPhase;
			buildActionMask = 2147483647;
			files = (
			);
			runOnlyForDeploymentPostprocessing = 0;
		};
/* End PBXResourcesBuildPhase section */

/* Begin PBXShellScriptBuildPhase section */
		15251745A6DD2C4BE3D9E472 /* [CP] Copy Pods Resources */ = {
			isa = PBXShellScriptBuildPhase;
			buildActionMask = 2147483647;
			files = (
			);
			inputPaths = (
			);
			name = "[CP] Copy Pods Resources";
			outputPaths = (
			);
			runOnlyForDeploymentPostprocessing = 0;
			shellPath = /bin/sh;
			shellScript = "\"${SRCROOT}/Pods/Target Support Files/Pods-Voting2018/Pods-Voting2018-resources.sh\"\n";
			showEnvVarsInLog = 0;
		};
		25E5E3F42605CDC42F0C1C5D /* [CP] Check Pods Manifest.lock */ = {
			isa = PBXShellScriptBuildPhase;
			buildActionMask = 2147483647;
			files = (
			);
			inputPaths = (
				"${PODS_PODFILE_DIR_PATH}/Podfile.lock",
				"${PODS_ROOT}/Manifest.lock",
			);
			name = "[CP] Check Pods Manifest.lock";
			outputPaths = (
				"$(DERIVED_FILE_DIR)/Pods-Voting2018UITests-checkManifestLockResult.txt",
			);
			runOnlyForDeploymentPostprocessing = 0;
			shellPath = /bin/sh;
			shellScript = "diff \"${PODS_PODFILE_DIR_PATH}/Podfile.lock\" \"${PODS_ROOT}/Manifest.lock\" > /dev/null\nif [ $? != 0 ] ; then\n    # print error to STDERR\n    echo \"error: The sandbox is not in sync with the Podfile.lock. Run 'pod install' or update your CocoaPods installation.\" >&2\n    exit 1\nfi\n# This output is used by Xcode 'outputs' to avoid re-running this script phase.\necho \"SUCCESS\" > \"${SCRIPT_OUTPUT_FILE_0}\"\n";
			showEnvVarsInLog = 0;
		};
		31F36CD631AD98297FF4E6A3 /* [CP] Check Pods Manifest.lock */ = {
			isa = PBXShellScriptBuildPhase;
			buildActionMask = 2147483647;
			files = (
			);
			inputPaths = (
				"${PODS_PODFILE_DIR_PATH}/Podfile.lock",
				"${PODS_ROOT}/Manifest.lock",
			);
			name = "[CP] Check Pods Manifest.lock";
			outputPaths = (
				"$(DERIVED_FILE_DIR)/Pods-Voting2018-checkManifestLockResult.txt",
			);
			runOnlyForDeploymentPostprocessing = 0;
			shellPath = /bin/sh;
			shellScript = "diff \"${PODS_PODFILE_DIR_PATH}/Podfile.lock\" \"${PODS_ROOT}/Manifest.lock\" > /dev/null\nif [ $? != 0 ] ; then\n    # print error to STDERR\n    echo \"error: The sandbox is not in sync with the Podfile.lock. Run 'pod install' or update your CocoaPods installation.\" >&2\n    exit 1\nfi\n# This output is used by Xcode 'outputs' to avoid re-running this script phase.\necho \"SUCCESS\" > \"${SCRIPT_OUTPUT_FILE_0}\"\n";
			showEnvVarsInLog = 0;
		};
		48E0DC707D6837C1F9460E5D /* [CP] Copy Pods Resources */ = {
			isa = PBXShellScriptBuildPhase;
			buildActionMask = 2147483647;
			files = (
			);
			inputPaths = (
			);
			name = "[CP] Copy Pods Resources";
			outputPaths = (
			);
			runOnlyForDeploymentPostprocessing = 0;
			shellPath = /bin/sh;
			shellScript = "\"${SRCROOT}/Pods/Target Support Files/Pods-Voting2018UITests/Pods-Voting2018UITests-resources.sh\"\n";
			showEnvVarsInLog = 0;
		};
		7F2C7975B0D048FA6A2BAC79 /* [CP] Embed Pods Frameworks */ = {
			isa = PBXShellScriptBuildPhase;
			buildActionMask = 2147483647;
			files = (
			);
			inputPaths = (
				"${SRCROOT}/Pods/Target Support Files/Pods-Voting2018/Pods-Voting2018-frameworks.sh",
				"${BUILT_PRODUCTS_DIR}/Alamofire/Alamofire.framework",
				"${BUILT_PRODUCTS_DIR}/KeychainSwift/KeychainSwift.framework",
				"${BUILT_PRODUCTS_DIR}/Kingfisher/Kingfisher.framework",
				"${BUILT_PRODUCTS_DIR}/PieCharts/PieCharts.framework",
				"${BUILT_PRODUCTS_DIR}/SwiftHEXColors/SwiftHEXColors.framework",
				"${BUILT_PRODUCTS_DIR}/SwiftyJSON/SwiftyJSON.framework",
				"${BUILT_PRODUCTS_DIR}/SwiftyVK/SwiftyVK.framework",
			);
			name = "[CP] Embed Pods Frameworks";
			outputPaths = (
				"${TARGET_BUILD_DIR}/${FRAMEWORKS_FOLDER_PATH}/Alamofire.framework",
				"${TARGET_BUILD_DIR}/${FRAMEWORKS_FOLDER_PATH}/KeychainSwift.framework",
				"${TARGET_BUILD_DIR}/${FRAMEWORKS_FOLDER_PATH}/Kingfisher.framework",
				"${TARGET_BUILD_DIR}/${FRAMEWORKS_FOLDER_PATH}/PieCharts.framework",
				"${TARGET_BUILD_DIR}/${FRAMEWORKS_FOLDER_PATH}/SwiftHEXColors.framework",
				"${TARGET_BUILD_DIR}/${FRAMEWORKS_FOLDER_PATH}/SwiftyJSON.framework",
				"${TARGET_BUILD_DIR}/${FRAMEWORKS_FOLDER_PATH}/SwiftyVK.framework",
			);
			runOnlyForDeploymentPostprocessing = 0;
			shellPath = /bin/sh;
			shellScript = "\"${SRCROOT}/Pods/Target Support Files/Pods-Voting2018/Pods-Voting2018-frameworks.sh\"\n";
			showEnvVarsInLog = 0;
		};
		82EA37EBC3A67434798ED3DB /* [CP] Embed Pods Frameworks */ = {
			isa = PBXShellScriptBuildPhase;
			buildActionMask = 2147483647;
			files = (
			);
			inputPaths = (
			);
			name = "[CP] Embed Pods Frameworks";
			outputPaths = (
			);
			runOnlyForDeploymentPostprocessing = 0;
			shellPath = /bin/sh;
			shellScript = "\"${SRCROOT}/Pods/Target Support Files/Pods-Voting2018UITests/Pods-Voting2018UITests-frameworks.sh\"\n";
			showEnvVarsInLog = 0;
		};
/* End PBXShellScriptBuildPhase section */

/* Begin PBXSourcesBuildPhase section */
		C766AC9B200BFEFC008EB0DE /* Sources */ = {
			isa = PBXSourcesBuildPhase;
			buildActionMask = 2147483647;
			files = (
				C766ACA3200BFEFC008EB0DE /* AppDelegate.swift in Sources */,
				C773CAC1200E72CC0048C952 /* CandidatesSelectionCVCell.swift in Sources */,
				C773CAB8200E68130048C952 /* NetworkDataStructs.swift in Sources */,
				C79FA2FE20139A8E00394582 /* OverallStatisticsVC.swift in Sources */,
				C766ACCB200C0377008EB0DE /* ScreensManager.swift in Sources */,
				C773CAB5200E666E0048C952 /* NetworkManager.swift in Sources */,
				C766ACC8200C0277008EB0DE /* AuthStartVC.swift in Sources */,
				C773CAB2200E5B180048C952 /* VKDelegate.swift in Sources */,
				C773CABE200E6FD90048C952 /* CandidatesSelectionCVC.swift in Sources */,
			);
			runOnlyForDeploymentPostprocessing = 0;
		};
		C766ACAF200BFEFC008EB0DE /* Sources */ = {
			isa = PBXSourcesBuildPhase;
			buildActionMask = 2147483647;
			files = (
				C766ACB8200BFEFC008EB0DE /* Voting2018UITests.swift in Sources */,
			);
			runOnlyForDeploymentPostprocessing = 0;
		};
/* End PBXSourcesBuildPhase section */

/* Begin PBXTargetDependency section */
		C766ACB5200BFEFC008EB0DE /* PBXTargetDependency */ = {
			isa = PBXTargetDependency;
			target = C766AC9E200BFEFC008EB0DE /* Voting2018 */;
			targetProxy = C766ACB4200BFEFC008EB0DE /* PBXContainerItemProxy */;
		};
/* End PBXTargetDependency section */

/* Begin PBXVariantGroup section */
		C766ACAB200BFEFC008EB0DE /* LaunchScreen.storyboard */ = {
			isa = PBXVariantGroup;
			children = (
				C766ACAC200BFEFC008EB0DE /* Base */,
			);
			name = LaunchScreen.storyboard;
			sourceTree = "<group>";
		};
/* End PBXVariantGroup section */

/* Begin XCBuildConfiguration section */
		C766ACBA200BFEFC008EB0DE /* Debug */ = {
			isa = XCBuildConfiguration;
			buildSettings = {
				ALWAYS_SEARCH_USER_PATHS = NO;
				CLANG_ANALYZER_NONNULL = YES;
				CLANG_ANALYZER_NUMBER_OBJECT_CONVERSION = YES_AGGRESSIVE;
				CLANG_CXX_LANGUAGE_STANDARD = "gnu++14";
				CLANG_CXX_LIBRARY = "libc++";
				CLANG_ENABLE_MODULES = YES;
				CLANG_ENABLE_OBJC_ARC = YES;
				CLANG_WARN_BLOCK_CAPTURE_AUTORELEASING = YES;
				CLANG_WARN_BOOL_CONVERSION = YES;
				CLANG_WARN_COMMA = YES;
				CLANG_WARN_CONSTANT_CONVERSION = YES;
				CLANG_WARN_DIRECT_OBJC_ISA_USAGE = YES_ERROR;
				CLANG_WARN_DOCUMENTATION_COMMENTS = YES;
				CLANG_WARN_EMPTY_BODY = YES;
				CLANG_WARN_ENUM_CONVERSION = YES;
				CLANG_WARN_INFINITE_RECURSION = YES;
				CLANG_WARN_INT_CONVERSION = YES;
				CLANG_WARN_NON_LITERAL_NULL_CONVERSION = YES;
				CLANG_WARN_OBJC_LITERAL_CONVERSION = YES;
				CLANG_WARN_OBJC_ROOT_CLASS = YES_ERROR;
				CLANG_WARN_RANGE_LOOP_ANALYSIS = YES;
				CLANG_WARN_STRICT_PROTOTYPES = YES;
				CLANG_WARN_SUSPICIOUS_MOVE = YES;
				CLANG_WARN_UNGUARDED_AVAILABILITY = YES_AGGRESSIVE;
				CLANG_WARN_UNREACHABLE_CODE = YES;
				CLANG_WARN__DUPLICATE_METHOD_MATCH = YES;
				CODE_SIGN_IDENTITY = "iPhone Developer";
				COPY_PHASE_STRIP = NO;
				DEBUG_INFORMATION_FORMAT = dwarf;
				ENABLE_STRICT_OBJC_MSGSEND = YES;
				ENABLE_TESTABILITY = YES;
				GCC_C_LANGUAGE_STANDARD = gnu11;
				GCC_DYNAMIC_NO_PIC = NO;
				GCC_NO_COMMON_BLOCKS = YES;
				GCC_OPTIMIZATION_LEVEL = 0;
				GCC_PREPROCESSOR_DEFINITIONS = (
					"DEBUG=1",
					"$(inherited)",
				);
				GCC_WARN_64_TO_32_BIT_CONVERSION = YES;
				GCC_WARN_ABOUT_RETURN_TYPE = YES_ERROR;
				GCC_WARN_UNDECLARED_SELECTOR = YES;
				GCC_WARN_UNINITIALIZED_AUTOS = YES_AGGRESSIVE;
				GCC_WARN_UNUSED_FUNCTION = YES;
				GCC_WARN_UNUSED_VARIABLE = YES;
				IPHONEOS_DEPLOYMENT_TARGET = 11.2;
				MTL_ENABLE_DEBUG_INFO = YES;
				ONLY_ACTIVE_ARCH = YES;
				SDKROOT = iphoneos;
				SWIFT_ACTIVE_COMPILATION_CONDITIONS = DEBUG;
				SWIFT_OPTIMIZATION_LEVEL = "-Onone";
			};
			name = Debug;
		};
		C766ACBB200BFEFC008EB0DE /* Release */ = {
			isa = XCBuildConfiguration;
			buildSettings = {
				ALWAYS_SEARCH_USER_PATHS = NO;
				CLANG_ANALYZER_NONNULL = YES;
				CLANG_ANALYZER_NUMBER_OBJECT_CONVERSION = YES_AGGRESSIVE;
				CLANG_CXX_LANGUAGE_STANDARD = "gnu++14";
				CLANG_CXX_LIBRARY = "libc++";
				CLANG_ENABLE_MODULES = YES;
				CLANG_ENABLE_OBJC_ARC = YES;
				CLANG_WARN_BLOCK_CAPTURE_AUTORELEASING = YES;
				CLANG_WARN_BOOL_CONVERSION = YES;
				CLANG_WARN_COMMA = YES;
				CLANG_WARN_CONSTANT_CONVERSION = YES;
				CLANG_WARN_DIRECT_OBJC_ISA_USAGE = YES_ERROR;
				CLANG_WARN_DOCUMENTATION_COMMENTS = YES;
				CLANG_WARN_EMPTY_BODY = YES;
				CLANG_WARN_ENUM_CONVERSION = YES;
				CLANG_WARN_INFINITE_RECURSION = YES;
				CLANG_WARN_INT_CONVERSION = YES;
				CLANG_WARN_NON_LITERAL_NULL_CONVERSION = YES;
				CLANG_WARN_OBJC_LITERAL_CONVERSION = YES;
				CLANG_WARN_OBJC_ROOT_CLASS = YES_ERROR;
				CLANG_WARN_RANGE_LOOP_ANALYSIS = YES;
				CLANG_WARN_STRICT_PROTOTYPES = YES;
				CLANG_WARN_SUSPICIOUS_MOVE = YES;
				CLANG_WARN_UNGUARDED_AVAILABILITY = YES_AGGRESSIVE;
				CLANG_WARN_UNREACHABLE_CODE = YES;
				CLANG_WARN__DUPLICATE_METHOD_MATCH = YES;
				CODE_SIGN_IDENTITY = "iPhone Developer";
				COPY_PHASE_STRIP = NO;
				DEBUG_INFORMATION_FORMAT = "dwarf-with-dsym";
				ENABLE_NS_ASSERTIONS = NO;
				ENABLE_STRICT_OBJC_MSGSEND = YES;
				GCC_C_LANGUAGE_STANDARD = gnu11;
				GCC_NO_COMMON_BLOCKS = YES;
				GCC_WARN_64_TO_32_BIT_CONVERSION = YES;
				GCC_WARN_ABOUT_RETURN_TYPE = YES_ERROR;
				GCC_WARN_UNDECLARED_SELECTOR = YES;
				GCC_WARN_UNINITIALIZED_AUTOS = YES_AGGRESSIVE;
				GCC_WARN_UNUSED_FUNCTION = YES;
				GCC_WARN_UNUSED_VARIABLE = YES;
				IPHONEOS_DEPLOYMENT_TARGET = 11.2;
				MTL_ENABLE_DEBUG_INFO = NO;
				SDKROOT = iphoneos;
				SWIFT_OPTIMIZATION_LEVEL = "-Owholemodule";
				VALIDATE_PRODUCT = YES;
			};
			name = Release;
		};
		C766ACBD200BFEFC008EB0DE /* Debug */ = {
			isa = XCBuildConfiguration;
			baseConfigurationReference = 52A1C3FB209D946F06739E52 /* Pods-Voting2018.debug.xcconfig */;
			buildSettings = {
				ASSETCATALOG_COMPILER_APPICON_NAME = AppIcon;
				CODE_SIGN_STYLE = Automatic;
				DEVELOPMENT_TEAM = 2Q8DHH5FHX;
				INFOPLIST_FILE = Voting2018/Info.plist;
				LD_RUNPATH_SEARCH_PATHS = "$(inherited) @executable_path/Frameworks";
				PRODUCT_BUNDLE_IDENTIFIER = andreyrozhkov.Voting2018;
				PRODUCT_NAME = "$(TARGET_NAME)";
				SWIFT_VERSION = 4.0;
				TARGETED_DEVICE_FAMILY = "1,2";
			};
			name = Debug;
		};
		C766ACBE200BFEFC008EB0DE /* Release */ = {
			isa = XCBuildConfiguration;
			baseConfigurationReference = 61C60E31792F8F07E7123D0E /* Pods-Voting2018.release.xcconfig */;
			buildSettings = {
				ASSETCATALOG_COMPILER_APPICON_NAME = AppIcon;
				CODE_SIGN_STYLE = Automatic;
				DEVELOPMENT_TEAM = 2Q8DHH5FHX;
				INFOPLIST_FILE = Voting2018/Info.plist;
				LD_RUNPATH_SEARCH_PATHS = "$(inherited) @executable_path/Frameworks";
				PRODUCT_BUNDLE_IDENTIFIER = andreyrozhkov.Voting2018;
				PRODUCT_NAME = "$(TARGET_NAME)";
				SWIFT_VERSION = 4.0;
				TARGETED_DEVICE_FAMILY = "1,2";
			};
			name = Release;
		};
		C766ACC0200BFEFC008EB0DE /* Debug */ = {
			isa = XCBuildConfiguration;
			baseConfigurationReference = A32FC1BDB151857FF21EDCA6 /* Pods-Voting2018UITests.debug.xcconfig */;
			buildSettings = {
				ALWAYS_EMBED_SWIFT_STANDARD_LIBRARIES = YES;
				CODE_SIGN_STYLE = Automatic;
				DEVELOPMENT_TEAM = 2Q8DHH5FHX;
				INFOPLIST_FILE = Voting2018UITests/Info.plist;
				LD_RUNPATH_SEARCH_PATHS = "$(inherited) @executable_path/Frameworks @loader_path/Frameworks";
				PRODUCT_BUNDLE_IDENTIFIER = andreyrozhkov.Voting2018UITests;
				PRODUCT_NAME = "$(TARGET_NAME)";
				SWIFT_VERSION = 4.0;
				TARGETED_DEVICE_FAMILY = "1,2";
				TEST_TARGET_NAME = Voting2018;
			};
			name = Debug;
		};
		C766ACC1200BFEFC008EB0DE /* Release */ = {
			isa = XCBuildConfiguration;
			baseConfigurationReference = 6D8021DAE8469B705E947426 /* Pods-Voting2018UITests.release.xcconfig */;
			buildSettings = {
				ALWAYS_EMBED_SWIFT_STANDARD_LIBRARIES = YES;
				CODE_SIGN_STYLE = Automatic;
				DEVELOPMENT_TEAM = 2Q8DHH5FHX;
				INFOPLIST_FILE = Voting2018UITests/Info.plist;
				LD_RUNPATH_SEARCH_PATHS = "$(inherited) @executable_path/Frameworks @loader_path/Frameworks";
				PRODUCT_BUNDLE_IDENTIFIER = andreyrozhkov.Voting2018UITests;
				PRODUCT_NAME = "$(TARGET_NAME)";
				SWIFT_VERSION = 4.0;
				TARGETED_DEVICE_FAMILY = "1,2";
				TEST_TARGET_NAME = Voting2018;
			};
			name = Release;
		};
/* End XCBuildConfiguration section */

/* Begin XCConfigurationList section */
		C766AC9A200BFEFC008EB0DE /* Build configuration list for PBXProject "Voting2018" */ = {
			isa = XCConfigurationList;
			buildConfigurations = (
				C766ACBA200BFEFC008EB0DE /* Debug */,
				C766ACBB200BFEFC008EB0DE /* Release */,
			);
			defaultConfigurationIsVisible = 0;
			defaultConfigurationName = Release;
		};
		C766ACBC200BFEFC008EB0DE /* Build configuration list for PBXNativeTarget "Voting2018" */ = {
			isa = XCConfigurationList;
			buildConfigurations = (
				C766ACBD200BFEFC008EB0DE /* Debug */,
				C766ACBE200BFEFC008EB0DE /* Release */,
			);
			defaultConfigurationIsVisible = 0;
			defaultConfigurationName = Release;
		};
		C766ACBF200BFEFC008EB0DE /* Build configuration list for PBXNativeTarget "Voting2018UITests" */ = {
			isa = XCConfigurationList;
			buildConfigurations = (
				C766ACC0200BFEFC008EB0DE /* Debug */,
				C766ACC1200BFEFC008EB0DE /* Release */,
			);
			defaultConfigurationIsVisible = 0;
			defaultConfigurationName = Release;
		};
/* End XCConfigurationList section */
	};
	rootObject = C766AC97200BFEFC008EB0DE /* Project object */;
}
